
Microsoft Visual Studio Solution File, Format Version 12.00
# Visual Studio Version 17
VisualStudioVersion = 17.13.35931.197 d17.13
MinimumVisualStudioVersion = 10.0.40219.1
Project("{2150E333-8FDC-42A3-9474-1A3956D46DE8}") = "src", "src", "{02EA681E-C7D8-13C7-8484-4AC65E1B71E8}"
EndProject
Project("{2150E333-8FDC-42A3-9474-1A3956D46DE8}") = "Core", "Core", "{D42B7246-5AE5-446C-80BE-BD8893554E58}"
EndProject
Project("{2150E333-8FDC-42A3-9474-1A3956D46DE8}") = "Infrastructure", "Infrastructure", "{719F78EC-F9DB-45E2-85F8-498C789FBAD5}"
EndProject
Project("{2150E333-8FDC-42A3-9474-1A3956D46DE8}") = "Presentaion", "Presentaion", "{5460C607-AE5E-4A08-AE02-D9E4B72C4863}"
EndProject
Project("{FAE04EC0-301F-11D3-BF4B-00C04F79EFBC}") = "Domain", "Domain\Domain.csproj", "{0D3AD23B-4D49-4C43-BC7C-742BDC5E12E2}"
EndProject
Project("{FAE04EC0-301F-11D3-BF4B-00C04F79EFBC}") = "Application", "Application\Application.csproj", "{99F7BB45-C7EE-4F31-B51B-211AD820256D}"
EndProject
Project("{FAE04EC0-301F-11D3-BF4B-00C04F79EFBC}") = "Infrastructure", "Infrastructure\Infrastructure.csproj", "{B880C1B2-F9C6-42EC-8A90-311CCBBE58D3}"
EndProject
Project("{FAE04EC0-301F-11D3-BF4B-00C04F79EFBC}") = "Persistance", "Persistance\Persistance.csproj", "{7B2A7ACE-27A5-426C-87ED-33356722FFBA}"
EndProject
Project("{FAE04EC0-301F-11D3-BF4B-00C04F79EFBC}") = "API", "API\API.csproj", "{C52E2987-2355-48FE-A231-8281C3083757}"
EndProject
Global
	GlobalSection(SolutionConfigurationPlatforms) = preSolution
		Debug|Any CPU = Debug|Any CPU
		Release|Any CPU = Release|Any CPU
	EndGlobalSection
	GlobalSection(ProjectConfigurationPlatforms) = postSolution
		{0D3AD23B-4D49-4C43-BC7C-742BDC5E12E2}.Debug|Any CPU.ActiveCfg = Debug|Any CPU
		{0D3AD23B-4D49-4C43-BC7C-742BDC5E12E2}.Debug|Any CPU.Build.0 = Debug|Any CPU
		{0D3AD23B-4D49-4C43-BC7C-742BDC5E12E2}.Release|Any CPU.ActiveCfg = Release|Any CPU
		{0D3AD23B-4D49-4C43-BC7C-742BDC5E12E2}.Release|Any CPU.Build.0 = Release|Any CPU
		{99F7BB45-C7EE-4F31-B51B-211AD820256D}.Debug|Any CPU.ActiveCfg = Debug|Any CPU
		{99F7BB45-C7EE-4F31-B51B-211AD820256D}.Debug|Any CPU.Build.0 = Debug|Any CPU
		{99F7BB45-C7EE-4F31-B51B-211AD820256D}.Release|Any CPU.ActiveCfg = Release|Any CPU
		{99F7BB45-C7EE-4F31-B51B-211AD820256D}.Release|Any CPU.Build.0 = Release|Any CPU
		{B880C1B2-F9C6-42EC-8A90-311CCBBE58D3}.Debug|Any CPU.ActiveCfg = Debug|Any CPU
		{B880C1B2-F9C6-42EC-8A90-311CCBBE58D3}.Debug|Any CPU.Build.0 = Debug|Any CPU
		{B880C1B2-F9C6-42EC-8A90-311CCBBE58D3}.Release|Any CPU.ActiveCfg = Release|Any CPU
		{B880C1B2-F9C6-42EC-8A90-311CCBBE58D3}.Release|Any CPU.Build.0 = Release|Any CPU
		{7B2A7ACE-27A5-426C-87ED-33356722FFBA}.Debug|Any CPU.ActiveCfg = Debug|Any CPU
		{7B2A7ACE-27A5-426C-87ED-33356722FFBA}.Debug|Any CPU.Build.0 = Debug|Any CPU
		{7B2A7ACE-27A5-426C-87ED-33356722FFBA}.Release|Any CPU.ActiveCfg = Release|Any CPU
		{7B2A7ACE-27A5-426C-87ED-33356722FFBA}.Release|Any CPU.Build.0 = Release|Any CPU
		{C52E2987-2355-48FE-A231-8281C3083757}.Debug|Any CPU.ActiveCfg = Debug|Any CPU
		{C52E2987-2355-48FE-A231-8281C3083757}.Debug|Any CPU.Build.0 = Debug|Any CPU
		{C52E2987-2355-48FE-A231-8281C3083757}.Release|Any CPU.ActiveCfg = Release|Any CPU
		{C52E2987-2355-48FE-A231-8281C3083757}.Release|Any CPU.Build.0 = Release|Any CPU
	EndGlobalSection
	GlobalSection(SolutionProperties) = preSolution
		HideSolutionNode = FALSE
	EndGlobalSection
	GlobalSection(NestedProjects) = preSolution
		{D42B7246-5AE5-446C-80BE-BD8893554E58} = {02EA681E-C7D8-13C7-8484-4AC65E1B71E8}
		{719F78EC-F9DB-45E2-85F8-498C789FBAD5} = {02EA681E-C7D8-13C7-8484-4AC65E1B71E8}
		{5460C607-AE5E-4A08-AE02-D9E4B72C4863} = {02EA681E-C7D8-13C7-8484-4AC65E1B71E8}
		{0D3AD23B-4D49-4C43-BC7C-742BDC5E12E2} = {D42B7246-5AE5-446C-80BE-BD8893554E58}
		{99F7BB45-C7EE-4F31-B51B-211AD820256D} = {D42B7246-5AE5-446C-80BE-BD8893554E58}
		{B880C1B2-F9C6-42EC-8A90-311CCBBE58D3} = {719F78EC-F9DB-45E2-85F8-498C789FBAD5}
		{7B2A7ACE-27A5-426C-87ED-33356722FFBA} = {719F78EC-F9DB-45E2-85F8-498C789FBAD5}
		{C52E2987-2355-48FE-A231-8281C3083757} = {5460C607-AE5E-4A08-AE02-D9E4B72C4863}
	EndGlobalSection
	GlobalSection(ExtensibilityGlobals) = postSolution
		SolutionGuid = {963A3F89-2C02-4B54-8E24-24EFCC5365A2}
	EndGlobalSection
EndGlobal
